{
  "name": "fitness-tracker",
  "version": "1.0.0",
  "lockfileVersion": 1,
  "requires": true,
  "dependencies": {
    "dotenv": {
      "version": "10.0.0",
      "resolved": "https://registry.npmjs.org/dotenv/-/dotenv-10.0.0.tgz",
      "integrity": "sha512-rlBi9d8jpv9Sf1klPjNfFAuWDjKLwTIJJ/VxtoTwIR6hnZxcEOQCZg2oIL3MWBYw5GpUDKOEnND7LXTbIpQ03Q=="
    },
    "missing": {
      "version": "0.0.1",
      "resolved": "https://registry.npmjs.org/missing/-/missing-0.0.1.tgz",
      "integrity": "sha1-K4sneeaMqJaaIEy6goIzv8II04E="
    }
  }
}
